
Microsoft Visual Studio Solution File, Format Version 11.00
# Visual Studio 2010
Project("{FAE04EC0-301F-11D3-BF4B-00C04F79EFBC}") = "Assembly-CSharp", "Assembly-CSharp.csproj", "{101f6829-b4c5-ca47-78c5-bd989eebb5ea}"
EndProject
Project("{FAE04EC0-301F-11D3-BF4B-00C04F79EFBC}") = "Assembly-CSharp-Editor", "Assembly-CSharp-Editor.csproj", "{8172e8f4-bcdf-f74f-1796-2fb2c25c24ba}"
EndProject
Global
	GlobalSection(SolutionConfigurationPlatforms) = preSolution
		Debug|Any CPU = Debug|Any CPU
	EndGlobalSection
	GlobalSection(ProjectConfigurationPlatforms) = postSolution
		{101f6829-b4c5-ca47-78c5-bd989eebb5ea}.Debug|Any CPU.ActiveCfg = Debug|Any CPU
		{101f6829-b4c5-ca47-78c5-bd989eebb5ea}.Debug|Any CPU.Build.0 = Debug|Any CPU
		{8172e8f4-bcdf-f74f-1796-2fb2c25c24ba}.Debug|Any CPU.ActiveCfg = Debug|Any CPU
		{8172e8f4-bcdf-f74f-1796-2fb2c25c24ba}.Debug|Any CPU.Build.0 = Debug|Any CPU
	EndGlobalSection
	GlobalSection(SolutionProperties) = preSolution
		HideSolutionNode = FALSE
	EndGlobalSection
EndGlobal
